
Microsoft Visual Studio Solution File, Format Version 12.00
# Visual Studio Version 17
VisualStudioVersion = 17.3.32804.467
MinimumVisualStudioVersion = 10.0.40219.1
Project("{9A19103F-16F7-4668-BE54-9A1E7A4F7556}") = "Deputy", "Deputy\Deputy.csproj", "{705BE6A0-DC2C-4DAE-8B0E-23DDA5CB5852}"
EndProject
Global
	GlobalSection(SolutionConfigurationPlatforms) = preSolution
		Debug|Any CPU = Debug|Any CPU
		Release|Any CPU = Release|Any CPU
	EndGlobalSection
	GlobalSection(ProjectConfigurationPlatforms) = postSolution
		{705BE6A0-DC2C-4DAE-8B0E-23DDA5CB5852}.Debug|Any CPU.ActiveCfg = Debug|Any CPU
		{705BE6A0-DC2C-4DAE-8B0E-23DDA5CB5852}.Debug|Any CPU.Build.0 = Debug|Any CPU
		{705BE6A0-DC2C-4DAE-8B0E-23DDA5CB5852}.Release|Any CPU.ActiveCfg = Release|Any CPU
		{705BE6A0-DC2C-4DAE-8B0E-23DDA5CB5852}.Release|Any CPU.Build.0 = Release|Any CPU
	EndGlobalSection
	GlobalSection(SolutionProperties) = preSolution
		HideSolutionNode = FALSE
	EndGlobalSection
	GlobalSection(ExtensibilityGlobals) = postSolution
		SolutionGuid = {C9C98DE7-602E-42BF-B6B8-E79A1D7C09A7}
	EndGlobalSection
EndGlobal
