
Microsoft Visual Studio Solution File, Format Version 11.00
# Visual Studio 2010
Project("{FAE04EC0-301F-11D3-BF4B-00C04F79EFBC}") = "Assembly-CSharp", "Assembly-CSharp.csproj", "{594DCA89-941F-1B5F-5E32-95361C27B380}"
EndProject
Project("{FAE04EC0-301F-11D3-BF4B-00C04F79EFBC}") = "Morris", "Morris.csproj", "{E34A0699-CD21-6B4B-937A-0D3F5B3FF17D}"
EndProject
Global
	GlobalSection(SolutionConfigurationPlatforms) = preSolution
		Debug|Any CPU = Debug|Any CPU
		Release|Any CPU = Release|Any CPU
	EndGlobalSection
	GlobalSection(ProjectConfigurationPlatforms) = postSolution
		{594DCA89-941F-1B5F-5E32-95361C27B380}.Debug|Any CPU.ActiveCfg = Debug|Any CPU
		{594DCA89-941F-1B5F-5E32-95361C27B380}.Debug|Any CPU.Build.0 = Debug|Any CPU
		{594DCA89-941F-1B5F-5E32-95361C27B380}.Release|Any CPU.ActiveCfg = Release|Any CPU
		{594DCA89-941F-1B5F-5E32-95361C27B380}.Release|Any CPU.Build.0 = Release|Any CPU
		{E34A0699-CD21-6B4B-937A-0D3F5B3FF17D}.Debug|Any CPU.ActiveCfg = Debug|Any CPU
		{E34A0699-CD21-6B4B-937A-0D3F5B3FF17D}.Debug|Any CPU.Build.0 = Debug|Any CPU
		{E34A0699-CD21-6B4B-937A-0D3F5B3FF17D}.Release|Any CPU.ActiveCfg = Release|Any CPU
		{E34A0699-CD21-6B4B-937A-0D3F5B3FF17D}.Release|Any CPU.Build.0 = Release|Any CPU
	EndGlobalSection
	GlobalSection(SolutionProperties) = preSolution
		HideSolutionNode = FALSE
	EndGlobalSection
EndGlobal
